dependencies:
- name: cert-manager
  repository: https://charts.jetstack.io
  version: v1.17.1
- name: keycloak
  repository: https://codecentric.github.io/helm-charts
  version: 7.0.1
- name: kube-prometheus-stack
  repository: https://prometheus-community.github.io/helm-charts
  version: 69.6.1
- name: grafana-operator
  repository: https://grafana.github.io/helm-charts
  version: v5.17.0
digest: sha256:e3ea4c6f786242d1ef98903e997ef0119277bb2880a85aba5c3eba487a2c1647
generated: "2025-04-07T14:58:29.008053299Z"
